
Microsoft Visual Studio Solution File, Format Version 12.00
# Visual Studio Version 16
VisualStudioVersion = 16.0.29201.188
MinimumVisualStudioVersion = 10.0.40219.1
Project("{F184B08F-C81C-45F6-A57F-5ABD9991F28F}") = "labact", "labact\labact.vbproj", "{FACF9A99-BC19-4E9D-848B-27BBD3AB6181}"
EndProject
Global
	GlobalSection(SolutionConfigurationPlatforms) = preSolution
		Debug|Any CPU = Debug|Any CPU
		Release|Any CPU = Release|Any CPU
	EndGlobalSection
	GlobalSection(ProjectConfigurationPlatforms) = postSolution
		{FACF9A99-BC19-4E9D-848B-27BBD3AB6181}.Debug|Any CPU.ActiveCfg = Debug|Any CPU
		{FACF9A99-BC19-4E9D-848B-27BBD3AB6181}.Debug|Any CPU.Build.0 = Debug|Any CPU
		{FACF9A99-BC19-4E9D-848B-27BBD3AB6181}.Release|Any CPU.ActiveCfg = Release|Any CPU
		{FACF9A99-BC19-4E9D-848B-27BBD3AB6181}.Release|Any CPU.Build.0 = Release|Any CPU
	EndGlobalSection
	GlobalSection(SolutionProperties) = preSolution
		HideSolutionNode = FALSE
	EndGlobalSection
	GlobalSection(ExtensibilityGlobals) = postSolution
		SolutionGuid = {CCA9EE34-2985-41CB-9619-87FDEE08BF9F}
	EndGlobalSection
EndGlobal
